{
  "name": "mentorlink--josh-project",
  "version": "1.0.0",
  "license": "ISC",
  "dependencies": {
    "braces": "^3.0.3",
    "browserslist": "^4.25.0"
  },
  "devDependencies": {
    "@tailwindcss/cli": "^4.1.8",
    "autoprefixer": "^10.4.21",
    "postcss": "^8.5.4",
    "tailwindcss": "^4.1.8"
  },
  "scripts": {
    "test": "echo \"Error: no test specified\" && exit 1",
    "build": "tailwindcss -i ./src/input.css -o ./dist/output.css --minify",
    "watch": "tailwindcss -i ./src/input.css -o ./dist/output.css --watch"
  }
}